
Microsoft Visual Studio Solution File, Format Version 12.00
# Visual Studio Version 17
VisualStudioVersion = 17.3.32922.545
MinimumVisualStudioVersion = 10.0.40219.1
Project("{888888A0-9F3D-457C-B088-3A5042F75D52}") = "Estruturas de Repetição", "Estruturas de Repetição.pyproj", "{041981A4-0E35-4EF4-943D-38E5BB231E04}"
EndProject
Global
	GlobalSection(SolutionConfigurationPlatforms) = preSolution
		Debug|Any CPU = Debug|Any CPU
		Release|Any CPU = Release|Any CPU
	EndGlobalSection
	GlobalSection(ProjectConfigurationPlatforms) = postSolution
		{041981A4-0E35-4EF4-943D-38E5BB231E04}.Debug|Any CPU.ActiveCfg = Debug|Any CPU
		{041981A4-0E35-4EF4-943D-38E5BB231E04}.Release|Any CPU.ActiveCfg = Release|Any CPU
	EndGlobalSection
	GlobalSection(SolutionProperties) = preSolution
		HideSolutionNode = FALSE
	EndGlobalSection
	GlobalSection(ExtensibilityGlobals) = postSolution
		SolutionGuid = {CAF3E011-205B-49BE-BC0B-4FBCD93FF61F}
	EndGlobalSection
EndGlobal
